
Microsoft Visual Studio Solution File, Format Version 12.00
# Visual Studio Version 17
VisualStudioVersion = 17.9.34728.123
MinimumVisualStudioVersion = 10.0.40219.1
Project("{FAE04EC0-301F-11D3-BF4B-00C04F79EFBC}") = "TypesDemoCSharp-47", "TypesDemoCSharp-47\TypesDemoCSharp-47.csproj", "{8B9BD55B-F2B4-4EF2-AB8A-6E2F34BC3367}"
EndProject
Global
	GlobalSection(SolutionConfigurationPlatforms) = preSolution
		Debug|Any CPU = Debug|Any CPU
		Release|Any CPU = Release|Any CPU
	EndGlobalSection
	GlobalSection(ProjectConfigurationPlatforms) = postSolution
		{8B9BD55B-F2B4-4EF2-AB8A-6E2F34BC3367}.Debug|Any CPU.ActiveCfg = Debug|Any CPU
		{8B9BD55B-F2B4-4EF2-AB8A-6E2F34BC3367}.Debug|Any CPU.Build.0 = Debug|Any CPU
		{8B9BD55B-F2B4-4EF2-AB8A-6E2F34BC3367}.Release|Any CPU.ActiveCfg = Release|Any CPU
		{8B9BD55B-F2B4-4EF2-AB8A-6E2F34BC3367}.Release|Any CPU.Build.0 = Release|Any CPU
	EndGlobalSection
	GlobalSection(SolutionProperties) = preSolution
		HideSolutionNode = FALSE
	EndGlobalSection
	GlobalSection(ExtensibilityGlobals) = postSolution
		SolutionGuid = {7BC93726-9EEC-4828-AC42-45CC7C8E9334}
	EndGlobalSection
EndGlobal
